# This lock file was generated by conda-lock (https://github.com/conda/conda-lock). DO NOT EDIT!
#
# A "lock file" contains a concrete list of package versions (with checksums) to be installed. Unlike
# e.g. `conda env create`, the resulting environment will not change as new package versions become
# available, unless you explicitly update the lock file.
#
# Install this environment as "YOURENV" with:
#     conda-lock install -n YOURENV conda-lock.yml
# To update a single package to the latest version compatible with the version constraints in the source:
#     conda-lock lock  --lockfile conda-lock.yml --update PACKAGE
# To re-solve the entire environment, e.g. after changing a version constraint in the source file:
#     conda-lock -f pyproject.toml --lockfile conda-lock.yml
version: 1
metadata:
  content_hash:
    win-64: 1c6b3ee1cd338e213ba4f1af09dd2f4893461fa0a2d272b19b9bdc933194a23a
  channels:
  - url: conda-forge
    used_env_vars: []
  platforms:
  - win-64
  sources:
  - pyproject.toml
package:
- name: bzip2
  version: 1.0.8
  manager: conda
  platform: win-64
  dependencies:
    ucrt: '>=10.0.20348.0'
    vc: '>=14.2,<15'
    vc14_runtime: '>=14.29.30139'
  url: https://conda.anaconda.org/conda-forge/win-64/bzip2-1.0.8-h2466b09_7.conda
  hash:
    md5: 276e7ffe9ffe39688abc665ef0f45596
    sha256: 35a5dad92e88fdd7fc405e864ec239486f4f31eec229e31686e61a140a8e573b
  category: main
  optional: false
- name: ca-certificates
  version: 2025.1.31
  manager: conda
  platform: win-64
  dependencies: {}
  url: https://conda.anaconda.org/conda-forge/win-64/ca-certificates-2025.1.31-h56e8100_0.conda
  hash:
    md5: 5304a31607974dfc2110dfbb662ed092
    sha256: 1bedccdf25a3bd782d6b0e57ddd97cdcda5501716009f2de4479a779221df155
  category: main
  optional: false
- name: cuda-cudart
  version: 12.8.57
  manager: conda
  platform: win-64
  dependencies:
    cuda-cudart_win-64: 12.8.57
    cuda-version: '>=12.8,<12.9.0a0'
    ucrt: '>=10.0.20348.0'
    vc: '>=14.2,<15'
    vc14_runtime: '>=14.29.30139'
  url: https://conda.anaconda.org/conda-forge/win-64/cuda-cudart-12.8.57-he0c23c2_1.conda
  hash:
    md5: 997ba4805995b108676834f7872caef8
    sha256: cb956c967953f4d8b2194338635fb6575b505e7ef6e8fe2a0cbea42c6619d9d0
  category: main
  optional: false
- name: cuda-cudart_win-64
  version: 12.8.57
  manager: conda
  platform: win-64
  dependencies:
    cuda-version: '>=12.8,<12.9.0a0'
  url: https://conda.anaconda.org/conda-forge/noarch/cuda-cudart_win-64-12.8.57-he0c23c2_1.conda
  hash:
    md5: d009d3872bdce2269322ab548a7835b5
    sha256: d14ac316acd4a604d6011480ee1923c5d9212b0ee543a3251b9d689e033d8847
  category: main
  optional: false
- name: cuda-cupti
  version: 12.8.57
  manager: conda
  platform: win-64
  dependencies:
    cuda-version: '>=12.8,<12.9.0a0'
    ucrt: '>=10.0.20348.0'
    vc: '>=14.2,<15'
    vc14_runtime: '>=14.29.30139'
  url: https://conda.anaconda.org/conda-forge/win-64/cuda-cupti-12.8.57-he0c23c2_0.conda
  hash:
    md5: 2540d6de7aaf5364bb3cf04ff84555d9
    sha256: b22df3b2aea6b32959e537e744063eebb0a609cd3234d6f3f34012a4855ff41b
  category: main
  optional: false
- name: cuda-nvrtc
  version: 12.8.61
  manager: conda
  platform: win-64
  dependencies:
    cuda-version: '>=12.8,<12.9.0a0'
    ucrt: '>=10.0.20348.0'
    vc: '>=14.2,<15'
    vc14_runtime: '>=14.29.30139'
  url: https://conda.anaconda.org/conda-forge/win-64/cuda-nvrtc-12.8.61-he0c23c2_0.conda
  hash:
    md5: 941ecb15dffef0887dadd1e128f63bcc
    sha256: 400350445c55ca70950f0394c1e92709fb5d0f955472f27a261e007c0e6e4c4c
  category: main
  optional: false
- name: cuda-version
  version: '12.8'
  manager: conda
  platform: win-64
  dependencies: {}
  url: https://conda.anaconda.org/conda-forge/noarch/cuda-version-12.8-h5d125a7_3.conda
  hash:
    md5: 794eaca58880616a508dd6f6eb389266
    sha256: 6f93ceb66267e69728d83cf98673221f6b1f95a3514b3a97777cfd0ef8e24f3f
  category: main
  optional: false
- name: cudnn
  version: 9.7.1.26
  manager: conda
  platform: win-64
  dependencies:
    cuda-nvrtc: ''
    cuda-version: '>=12,<13.0a0'
    libcublas: ''
    ucrt: '>=10.0.20348.0'
    vc: '>=14.2,<15'
    vc14_runtime: '>=14.29.30139'
  url: https://conda.anaconda.org/conda-forge/win-64/cudnn-9.7.1.26-hffc9a7f_0.conda
  hash:
    md5: a4d87a0e43c7b713b0654dbc29e4df08
    sha256: 296f075a931a6cf72e674b5e0663e28d89ad1f6e502ea5cfe66c44fcbaf1f18e
  category: main
  optional: false
- name: cusparselt
  version: 0.7.0.0
  manager: conda
  platform: win-64
  dependencies:
    cuda-version: '>=12.6,<13'
    ucrt: '>=10.0.20348.0'
    vc: '>=14.2,<15'
    vc14_runtime: '>=14.29.30139'
  url: https://conda.anaconda.org/conda-forge/win-64/cusparselt-0.7.0.0-hffc9a7f_0.conda
  hash:
    md5: f7986992e27c65a57bb3eec3f4a9d955
    sha256: ebbed4452e4e4f695281cfab36858ad24d13e7f30049e82ce29f6cbdb06fd983
  category: main
  optional: false
- name: filelock
  version: 3.17.0
  manager: conda
  platform: win-64
  dependencies:
    python: '>=3.9'
  url: https://conda.anaconda.org/conda-forge/noarch/filelock-3.17.0-pyhd8ed1ab_0.conda
  hash:
    md5: 7f402b4a1007ee355bc50ce4d24d4a57
    sha256: 006d7e5a0c17a6973596dd86bfc80d74ce541144d2aee2d22d46fd41df560a63
  category: main
  optional: false
- name: fsspec
  version: 2025.2.0
  manager: conda
  platform: win-64
  dependencies:
    python: '>=3.9'
  url: https://conda.anaconda.org/conda-forge/noarch/fsspec-2025.2.0-pyhd8ed1ab_0.conda
  hash:
    md5: d9ea16b71920b03beafc17fcca16df90
    sha256: 7433b8469074985b651693778ec6f03d2a23fad9919a515e3b8545996b5e721a
  category: main
  optional: false
- name: intel-openmp
  version: 2024.2.1
  manager: conda
  platform: win-64
  dependencies: {}
  url: https://conda.anaconda.org/conda-forge/win-64/intel-openmp-2024.2.1-h57928b3_1083.conda
  hash:
    md5: 2d89243bfb53652c182a7c73182cce4f
    sha256: 0fd2b0b84c854029041b0ede8f4c2369242ee92acc0092f8407b1fe9238a8209
  category: main
  optional: false
- name: jinja2
  version: 3.1.5
  manager: conda
  platform: win-64
  dependencies:
    markupsafe: '>=2.0'
    python: '>=3.9'
  url: https://conda.anaconda.org/conda-forge/noarch/jinja2-3.1.5-pyhd8ed1ab_0.conda
  hash:
    md5: 2752a6ed44105bfb18c9bef1177d9dcd
    sha256: 98977694b9ecaa3218662f843425f39501f81973c450f995eec68f1803ed71c3
  category: main
  optional: false
- name: libabseil
  version: '20240722.0'
  manager: conda
  platform: win-64
  dependencies:
    ucrt: '>=10.0.20348.0'
    vc: '>=14.2,<15'
    vc14_runtime: '>=14.29.30139'
  url: https://conda.anaconda.org/conda-forge/win-64/libabseil-20240722.0-cxx17_h4eb7d71_4.conda
  hash:
    md5: c57ee7f404d1aa84deb3e15852bec6fa
    sha256: 846eacff96d36060fe5f7b351e4df6fafae56bf34cc6426497f12b5c13f317cf
  category: main
  optional: false
- name: libblas
  version: 3.9.0
  manager: conda
  platform: win-64
  dependencies:
    mkl: 2024.2.2
  url: https://conda.anaconda.org/conda-forge/win-64/libblas-3.9.0-29_h576b46c_mkl.conda
  hash:
    md5: 2d25c162673da78c4329b963452bb0e1
    sha256: 4027b6317b6f3d4b6f1b12600d8ca78057a3d2be2144bbc8aaeb3b0ad11b9bbd
  category: main
  optional: false
- name: libcblas
  version: 3.9.0
  manager: conda
  platform: win-64
  dependencies:
    libblas: 3.9.0
    mkl: '>=2024.2.2,<2025.0a0'
  url: https://conda.anaconda.org/conda-forge/win-64/libcblas-3.9.0-29_h7ad3364_mkl.conda
  hash:
    md5: 3d674200e7a1ee1561894501f81f821f
    sha256: 983caad08c23475de33810d924a6818354dea2ece2c1a65ccc32e94ed5d29d14
  category: main
  optional: false
- name: libcublas
  version: 12.8.3.14
  manager: conda
  platform: win-64
  dependencies:
    cuda-nvrtc: ''
    cuda-version: '>=12.8,<12.9.0a0'
    ucrt: '>=10.0.20348.0'
    vc: '>=14.2,<15'
    vc14_runtime: '>=14.29.30139'
  url: https://conda.anaconda.org/conda-forge/win-64/libcublas-12.8.3.14-he0c23c2_0.conda
  hash:
    md5: 2ede1755b97b42f42dc211ebf8c5df3a
    sha256: 56bd908aaaa3a1126c3f52c5a4468e97c08718b26c775b8188f460a9cb260893
  category: main
  optional: false
- name: libcudss0
  version: 0.4.0.2
  manager: conda
  platform: win-64
  dependencies:
    cuda-version: '>=12,<13.0a0'
    libcublas: ''
    ucrt: '>=10.0.20348.0'
    vc: '>=14.2,<15'
    vc14_runtime: '>=14.29.30139'
  url: https://conda.anaconda.org/conda-forge/win-64/libcudss0-0.4.0.2-hdb9b9d5_2.conda
  hash:
    md5: 618a96f22c58d7570796896c836cafdb
    sha256: 730ada32bf60912efa38c4719101b3489049b159eed9a3f4e698a9922df8d67a
  category: main
  optional: false
- name: libcufft
  version: 11.3.3.41
  manager: conda
  platform: win-64
  dependencies:
    cuda-version: '>=12.8,<12.9.0a0'
    ucrt: '>=10.0.20348.0'
    vc: '>=14.2,<15'
    vc14_runtime: '>=14.29.30139'
  url: https://conda.anaconda.org/conda-forge/win-64/libcufft-11.3.3.41-he0c23c2_0.conda
  hash:
    md5: ccf289c81aba235b59ddd22ba5e1b96d
    sha256: 14291688ef0893679da008e2a81c9a6784ba4b750960911fa92c701a4fb39597
  category: main
  optional: false
- name: libcurand
  version: 10.3.9.55
  manager: conda
  platform: win-64
  dependencies:
    cuda-version: '>=12.8,<12.9.0a0'
    ucrt: '>=10.0.20348.0'
    vc: '>=14.2,<15'
    vc14_runtime: '>=14.29.30139'
  url: https://conda.anaconda.org/conda-forge/win-64/libcurand-10.3.9.55-he0c23c2_0.conda
  hash:
    md5: 95d055b504c4d8cfd33097fefc46348b
    sha256: 2e7abc5246b33ced7eafc68923dff816076dd409fb2b289524b715cddde59779
  category: main
  optional: false
- name: libcusolver
  version: 11.7.2.55
  manager: conda
  platform: win-64
  dependencies:
    cuda-version: '>=12.8,<12.9.0a0'
    libcublas: '>=12.8.3.14,<12.9.0a0'
    libcusparse: '>=12.5.7.53,<12.6.0a0'
    libnvjitlink: '>=12.8.61,<12.9.0a0'
    ucrt: '>=10.0.20348.0'
    vc: '>=14.2,<15'
    vc14_runtime: '>=14.29.30139'
  url: https://conda.anaconda.org/conda-forge/win-64/libcusolver-11.7.2.55-he0c23c2_0.conda
  hash:
    md5: 8187b9c1258e447ffbd38113f51f0087
    sha256: 723799b022107fa0bfc4d4c14af4009173931bf4e299c3452f1c686273e90d74
  category: main
  optional: false
- name: libcusparse
  version: 12.5.7.53
  manager: conda
  platform: win-64
  dependencies:
    cuda-version: '>=12.8,<12.9.0a0'
    libnvjitlink: '>=12.8.61,<12.9.0a0'
    ucrt: '>=10.0.20348.0'
    vc: '>=14.2,<15'
    vc14_runtime: '>=14.29.30139'
  url: https://conda.anaconda.org/conda-forge/win-64/libcusparse-12.5.7.53-he0c23c2_0.conda
  hash:
    md5: c8efb4ee7d21da688bbc880eb85adc2b
    sha256: a558828e912e1ece6a84761e0b29add03a504bf295c3a050008730715ab5cfec
  category: main
  optional: false
- name: libexpat
  version: 2.6.4
  manager: conda
  platform: win-64
  dependencies:
    ucrt: '>=10.0.20348.0'
    vc: '>=14.2,<15'
    vc14_runtime: '>=14.29.30139'
  url: https://conda.anaconda.org/conda-forge/win-64/libexpat-2.6.4-he0c23c2_0.conda
  hash:
    md5: eb383771c680aa792feb529eaf9df82f
    sha256: 0c0447bf20d1013d5603499de93a16b6faa92d7ead870d96305c0f065b6a5a12
  category: main
  optional: false
- name: libffi
  version: 3.4.6
  manager: conda
  platform: win-64
  dependencies:
    ucrt: '>=10.0.20348.0'
    vc: '>=14.2,<15'
    vc14_runtime: '>=14.29.30139'
  url: https://conda.anaconda.org/conda-forge/win-64/libffi-3.4.6-h537db12_0.conda
  hash:
    md5: 31d5107f75b2f204937728417e2e39e5
    sha256: 77922d8dd2faf88ac6accaeebf06409d1820486fde710cff6b554d12273e46be
  category: main
  optional: false
- name: libhwloc
  version: 2.11.2
  manager: conda
  platform: win-64
  dependencies:
    libwinpthread: '>=12.0.0.r4.gg4f2fc60ca'
    libxml2: '>=2.13.4,<3.0a0'
    ucrt: '>=10.0.20348.0'
    vc: '>=14.2,<15'
    vc14_runtime: '>=14.29.30139'
  url: https://conda.anaconda.org/conda-forge/win-64/libhwloc-2.11.2-default_ha69328c_1001.conda
  hash:
    md5: b87a0ac5ab6495d8225db5dc72dd21cd
    sha256: 850e255997f538d5fb6ed651321141155a33bb781d43d326fc4ff62114dd2842
  category: main
  optional: false
- name: libiconv
  version: '1.17'
  manager: conda
  platform: win-64
  dependencies:
    ucrt: '>=10.0.20348.0'
    vc: '>=14.2,<15'
    vc14_runtime: '>=14.29.30139'
  url: https://conda.anaconda.org/conda-forge/win-64/libiconv-1.17-hcfcfb64_2.conda
  hash:
    md5: e1eb10b1cca179f2baa3601e4efc8712
    sha256: 5f844dd19b046d43174ad80c6ea75b5d504020e3b63cfbc4ace97b8730d35c7b
  category: main
  optional: false
- name: liblapack
  version: 3.9.0
  manager: conda
  platform: win-64
  dependencies:
    libblas: 3.9.0
    mkl: '>=2024.2.2,<2025.0a0'
  url: https://conda.anaconda.org/conda-forge/win-64/liblapack-3.9.0-29_hacfb0e4_mkl.conda
  hash:
    md5: a362f444c68f33b2a4f62ef743ce12c4
    sha256: 0debb626a58560e99a5c20ec01109240c1ae97a1acc57217a82ad3649837c155
  category: main
  optional: false
- name: liblzma
  version: 5.6.4
  manager: conda
  platform: win-64
  dependencies:
    ucrt: '>=10.0.20348.0'
    vc: '>=14.2,<15'
    vc14_runtime: '>=14.29.30139'
  url: https://conda.anaconda.org/conda-forge/win-64/liblzma-5.6.4-h2466b09_0.conda
  hash:
    md5: c48f6ad0ef0a555b27b233dfcab46a90
    sha256: 3f552b0bdefdd1459ffc827ea3bf70a6a6920c7879d22b6bfd0d73015b55227b
  category: main
  optional: false
- name: libmagma
  version: 2.8.0
  manager: conda
  platform: win-64
  dependencies:
    cuda-cudart: '>=12.6.77,<13.0a0'
    cuda-version: '>=12.6,<13'
    libblas: '>=3.9.0,<4.0a0'
    libcublas: '>=12.6.4.1,<13.0a0'
    libcusparse: '>=12.5.4.2,<13.0a0'
    liblapack: '>=3.9.0,<4.0a0'
    ucrt: '>=10.0.20348.0'
    vc: '>=14.2,<15'
    vc14_runtime: '>=14.29.30139'
  url: https://conda.anaconda.org/conda-forge/win-64/libmagma-2.8.0-h630bcb8_2.conda
  hash:
    md5: 3180d8817e0a82e40bdd32346d6fd56e
    sha256: 33be8cf67646e04284625a29ad1cb019929640b1754f06e3e619a7ea0a204881
  category: main
  optional: false
- name: libmpdec
  version: 4.0.0
  manager: conda
  platform: win-64
  dependencies:
    ucrt: '>=10.0.20348.0'
    vc: '>=14.2,<15'
    vc14_runtime: '>=14.29.30139'
  url: https://conda.anaconda.org/conda-forge/win-64/libmpdec-4.0.0-h2466b09_0.conda
  hash:
    md5: 74860100b2029e2523cf480804c76b9b
    sha256: fc529fc82c7caf51202cc5cec5bb1c2e8d90edbac6d0a4602c966366efe3c7bf
  category: main
  optional: false
- name: libnvjitlink
  version: 12.8.61
  manager: conda
  platform: win-64
  dependencies:
    cuda-version: '>=12,<12.9.0a0'
    ucrt: '>=10.0.20348.0'
    vc: '>=14.2,<15'
    vc14_runtime: '>=14.29.30139'
  url: https://conda.anaconda.org/conda-forge/win-64/libnvjitlink-12.8.61-he0c23c2_0.conda
  hash:
    md5: 7a74ceba47c55b766642f131b3554bfc
    sha256: f7d9bc1250eb7d285d428ce785806c8497102f7d0f5c0154f242fa1c29392c82
  category: main
  optional: false
- name: libprotobuf
  version: 5.28.3
  manager: conda
  platform: win-64
  dependencies:
    libabseil: '>=20240722.0,<20240723.0a0'
    libzlib: '>=1.3.1,<2.0a0'
    ucrt: '>=10.0.20348.0'
    vc: '>=14.2,<15'
    vc14_runtime: '>=14.29.30139'
  url: https://conda.anaconda.org/conda-forge/win-64/libprotobuf-5.28.3-h8309712_1.conda
  hash:
    md5: 3be9f2fb7dce19d66d5cf1003a34b0e1
    sha256: 78c1b917d50c0317579bd9a5714a6d544d69786fd3228a4201dc4e8710ef6348
  category: main
  optional: false
- name: libsqlite
  version: 3.48.0
  manager: conda
  platform: win-64
  dependencies:
    ucrt: '>=10.0.20348.0'
    vc: '>=14.2,<15'
    vc14_runtime: '>=14.29.30139'
  url: https://conda.anaconda.org/conda-forge/win-64/libsqlite-3.48.0-h67fdade_1.conda
  hash:
    md5: 5a7a8f7f68ce1bdb7b58219786436f30
    sha256: eb889b9ea754d30268fa740f91e62fae6c30ca40f9769051dd42390d2470a7ff
  category: main
  optional: false
- name: libtorch
  version: 2.6.0
  manager: conda
  platform: win-64
  dependencies:
    cuda-cudart: '>=12.6.77,<13.0a0'
    cuda-cupti: '>=12.6.80,<13.0a0'
    cuda-nvrtc: '>=12.6.85,<13.0a0'
    cuda-version: '>=12.6,<13'
    cudnn: '>=9.7.1.26,<10.0a0'
    cusparselt: '>=0.7.0.0,<0.7.0.1.0a0'
    intel-openmp: <2025
    libabseil: '>=20240722.0,<20240723.0a0'
    libblas: '*'
    libcblas: '>=3.9.0,<4.0a0'
    libcublas: '>=12.6.4.1,<13.0a0'
    libcudss0: '>=0.4.0.2,<0.4.1.0a0'
    libcufft: '>=11.3.0.4,<12.0a0'
    libcurand: '>=10.3.7.77,<11.0a0'
    libcusolver: '>=11.7.1.2,<12.0a0'
    libcusparse: '>=12.5.4.2,<13.0a0'
    libmagma: '>=2.8.0,<2.8.1.0a0'
    libprotobuf: '>=5.28.3,<5.28.4.0a0'
    libuv: '>=1.50.0,<2.0a0'
    libzlib: '>=1.3.1,<2.0a0'
    mkl: '>=2024.2.2,<2025.0a0'
    sleef: '>=3.8,<4.0a0'
    ucrt: '>=10.0.20348.0'
    vc: '>=14.2,<15'
    vc14_runtime: '>=14.29.30139'
  url: https://conda.anaconda.org/conda-forge/win-64/libtorch-2.6.0-cuda126_mkl_hd164f6e_300.conda
  hash:
    md5: 1f21c46af5d4c8b2e4eed9051c17e27d
    sha256: 582652806cc754499f427931a07efac15ebd8b271ec2de9f95c7303599f9a93b
  category: main
  optional: false
- name: libuv
  version: 1.50.0
  manager: conda
  platform: win-64
  dependencies:
    ucrt: '>=10.0.20348.0'
    vc: '>=14.2,<15'
    vc14_runtime: '>=14.29.30139'
  url: https://conda.anaconda.org/conda-forge/win-64/libuv-1.50.0-h2466b09_0.conda
  hash:
    md5: a63a1ec1e8d017d1b9894aed98c419da
    sha256: aeb71b2a2973ffed6d639ace6c1afef1a337836425e637d2320f3166dbaa5c80
  category: main
  optional: false
- name: libwinpthread
  version: 12.0.0.r4.gg4f2fc60ca
  manager: conda
  platform: win-64
  dependencies:
    ucrt: ''
  url: https://conda.anaconda.org/conda-forge/win-64/libwinpthread-12.0.0.r4.gg4f2fc60ca-h57928b3_9.conda
  hash:
    md5: 08bfa5da6e242025304b206d152479ef
    sha256: 373f2973b8a358528b22be5e8d84322c165b4c5577d24d94fd67ad1bb0a0f261
  category: main
  optional: false
- name: libxml2
  version: 2.13.5
  manager: conda
  platform: win-64
  dependencies:
    libiconv: '>=1.17,<2.0a0'
    libzlib: '>=1.3.1,<2.0a0'
    ucrt: '>=10.0.20348.0'
    vc: '>=14.2,<15'
    vc14_runtime: '>=14.29.30139'
  url: https://conda.anaconda.org/conda-forge/win-64/libxml2-2.13.5-he286e8c_1.conda
  hash:
    md5: 77eaa84f90fc90643c5a0be0aa9bdd1b
    sha256: 084dd4dde342f13c43ee418d153ac5b2610f95be029073a15fa9dda22b130d06
  category: main
  optional: false
- name: libzlib
  version: 1.3.1
  manager: conda
  platform: win-64
  dependencies:
    ucrt: '>=10.0.20348.0'
    vc: '>=14.2,<15'
    vc14_runtime: '>=14.29.30139'
  url: https://conda.anaconda.org/conda-forge/win-64/libzlib-1.3.1-h2466b09_2.conda
  hash:
    md5: 41fbfac52c601159df6c01f875de31b9
    sha256: ba945c6493449bed0e6e29883c4943817f7c79cbff52b83360f7b341277c6402
  category: main
  optional: false
- name: markupsafe
  version: 3.0.2
  manager: conda
  platform: win-64
  dependencies:
    python: '>=3.13,<3.14.0a0'
    python_abi: 3.13.*
    ucrt: '>=10.0.20348.0'
    vc: '>=14.2,<15'
    vc14_runtime: '>=14.29.30139'
  url: https://conda.anaconda.org/conda-forge/win-64/markupsafe-3.0.2-py313hb4c8b1a_1.conda
  hash:
    md5: ec9ecf6ee4cceb73a0c9a8cdfdf58bed
    sha256: f16cb398915f52d582bcea69a16cf69a56dab6ea2fab6f069da9c2c10f09534c
  category: main
  optional: false
- name: mkl
  version: 2024.2.2
  manager: conda
  platform: win-64
  dependencies:
    intel-openmp: 2024.*
    tbb: 2021.*
  url: https://conda.anaconda.org/conda-forge/win-64/mkl-2024.2.2-h66d3029_15.conda
  hash:
    md5: 302dff2807f2927b3e9e0d19d60121de
    sha256: 20e52b0389586d0b914a49cd286c5ccc9c47949bed60ca6df004d1d295f2edbd
  category: main
  optional: false
- name: mpmath
  version: 1.3.0
  manager: conda
  platform: win-64
  dependencies:
    python: '>=3.9'
  url: https://conda.anaconda.org/conda-forge/noarch/mpmath-1.3.0-pyhd8ed1ab_1.conda
  hash:
    md5: 3585aa87c43ab15b167b574cd73b057b
    sha256: 7d7aa3fcd6f42b76bd711182f3776a02bef09a68c5f117d66b712a6d81368692
  category: main
  optional: false
- name: networkx
  version: 3.4.2
  manager: conda
  platform: win-64
  dependencies:
    python: ''
  url: https://conda.anaconda.org/conda-forge/noarch/networkx-3.4.2-pyh267e887_2.conda
  hash:
    md5: fd40bf7f7f4bc4b647dc8512053d9873
    sha256: 39625cd0c9747fa5c46a9a90683b8997d8b9649881b3dc88336b13b7bdd60117
  category: main
  optional: false
- name: numpy
  version: 2.2.3
  manager: conda
  platform: win-64
  dependencies:
    libblas: '>=3.9.0,<4.0a0'
    libcblas: '>=3.9.0,<4.0a0'
    liblapack: '>=3.9.0,<4.0a0'
    python: '>=3.13,<3.14.0a0'
    python_abi: 3.13.*
    ucrt: '>=10.0.20348.0'
    vc: '>=14.2,<15'
    vc14_runtime: '>=14.29.30139'
  url: https://conda.anaconda.org/conda-forge/win-64/numpy-2.2.3-py313hefb8edb_0.conda
  hash:
    md5: b2e5d9ca9d0a2f47f8e63cbb3c6b1e23
    sha256: 3a659370c9cc673afe3e6ef0e9ab90e316d33518475eb301e6347d91417ba461
  category: main
  optional: false
- name: openssl
  version: 3.4.1
  manager: conda
  platform: win-64
  dependencies:
    ca-certificates: ''
    ucrt: '>=10.0.20348.0'
    vc: '>=14.2,<15'
    vc14_runtime: '>=14.29.30139'
  url: https://conda.anaconda.org/conda-forge/win-64/openssl-3.4.1-ha4e3fda_0.conda
  hash:
    md5: 0730f8094f7088592594f9bf3ae62b3f
    sha256: 56dcc2b4430bfc1724e32661c34b71ae33a23a14149866fc5645361cfd3b3a6a
  category: main
  optional: false
- name: optree
  version: 0.14.0
  manager: conda
  platform: win-64
  dependencies:
    python: '>=3.13,<3.14.0a0'
    python_abi: 3.13.*
    typing-extensions: '>=4.5'
    ucrt: '>=10.0.20348.0'
    vc: '>=14.2,<15'
    vc14_runtime: '>=14.29.30139'
  url: https://conda.anaconda.org/conda-forge/win-64/optree-0.14.0-py313h1ec8472_1.conda
  hash:
    md5: 8ece54d0d1995be2309dc0d56d01a593
    sha256: 7ae9f1c8da61d26d1f0f4ae6ce80f83e03a805ad0e21107c7fd24db58cfac1da
  category: main
  optional: false
- name: pybind11
  version: 2.13.6
  manager: conda
  platform: win-64
  dependencies:
    pybind11-global: 2.13.6
    python: ''
  url: https://conda.anaconda.org/conda-forge/noarch/pybind11-2.13.6-pyh1ec8472_2.conda
  hash:
    md5: 8088a5e7b2888c780738c3130f2a969d
    sha256: 27f888492af3d5ab19553f263b0015bf3766a334668b5b3a79c7dc0416e603c1
  category: main
  optional: false
- name: pybind11-global
  version: 2.13.6
  manager: conda
  platform: win-64
  dependencies:
    __win: ''
    python: ''
  url: https://conda.anaconda.org/conda-forge/noarch/pybind11-global-2.13.6-pyhab904b8_2.conda
  hash:
    md5: 3482d403d3fef1cb2810c53a48548185
    sha256: 49b3c9b5e73bf696e7af9824095eb34e4a74334fc108af06e8739c1fec54ab9a
  category: main
  optional: false
- name: python
  version: 3.13.2
  manager: conda
  platform: win-64
  dependencies:
    bzip2: '>=1.0.8,<2.0a0'
    libexpat: '>=2.6.4,<3.0a0'
    libffi: '>=3.4,<4.0a0'
    liblzma: '>=5.6.4,<6.0a0'
    libmpdec: '>=4.0.0,<5.0a0'
    libsqlite: '>=3.48.0,<4.0a0'
    libzlib: '>=1.3.1,<2.0a0'
    openssl: '>=3.4.1,<4.0a0'
    python_abi: 3.13.*
    tk: '>=8.6.13,<8.7.0a0'
    tzdata: ''
    ucrt: '>=10.0.20348.0'
    vc: '>=14.2,<15'
    vc14_runtime: '>=14.29.30139'
  url: https://conda.anaconda.org/conda-forge/win-64/python-3.13.2-h261c0b1_100_cp313.conda
  hash:
    md5: ff70ca94adc965ab9d223a1d17180620
    sha256: 8d6881d772d4ab26aa5af79d360baac94b8eff524c042975e973979cf0385465
  category: main
  optional: false
- name: python_abi
  version: '3.13'
  manager: conda
  platform: win-64
  dependencies: {}
  url: https://conda.anaconda.org/conda-forge/win-64/python_abi-3.13-5_cp313.conda
  hash:
    md5: 44b4fe6f22b57103afb2299935c8b68e
    sha256: 0c12cc1b84962444002c699ed21e815fb9f686f950d734332a1b74d07db97756
  category: main
  optional: false
- name: pytorch
  version: 2.6.0
  manager: conda
  platform: win-64
  dependencies:
    __cuda: ''
    cuda-cudart: '>=12.6.77,<13.0a0'
    cuda-cupti: '>=12.6.80,<13.0a0'
    cuda-nvrtc: '>=12.6.85,<13.0a0'
    cuda-version: '>=12.6,<13'
    cudnn: '>=9.7.1.26,<10.0a0'
    cusparselt: '>=0.7.0.0,<0.7.0.1.0a0'
    filelock: ''
    fsspec: ''
    intel-openmp: <2025
    jinja2: ''
    libabseil: '>=20240722.0,<20240723.0a0'
    libblas: '*'
    libcblas: '>=3.9.0,<4.0a0'
    libcublas: '>=12.6.4.1,<13.0a0'
    libcudss0: '>=0.4.0.2,<0.4.1.0a0'
    libcufft: '>=11.3.0.4,<12.0a0'
    libcurand: '>=10.3.7.77,<11.0a0'
    libcusolver: '>=11.7.1.2,<12.0a0'
    libcusparse: '>=12.5.4.2,<13.0a0'
    libmagma: '>=2.8.0,<2.8.1.0a0'
    libprotobuf: '>=5.28.3,<5.28.4.0a0'
    libtorch: 2.6.0
    libuv: '>=1.50.0,<2.0a0'
    libzlib: '>=1.3.1,<2.0a0'
    mkl: '>=2024.2.2,<2025.0a0'
    networkx: ''
    numpy: '>=1.21,<3'
    optree: '>=0.13.0'
    pybind11: ''
    python: '>=3.13,<3.14.0a0'
    python_abi: 3.13.*
    setuptools: ''
    sleef: '>=3.8,<4.0a0'
    sympy: '>=1.13.1,!=1.13.2'
    typing_extensions: '>=4.10.0'
    ucrt: '>=10.0.20348.0'
    vc: '>=14.2,<15'
    vc14_runtime: '>=14.29.30139'
  url: https://conda.anaconda.org/conda-forge/win-64/pytorch-2.6.0-cuda126_mkl_py313_h40ee0ab_300.conda
  hash:
    md5: f8041e21827056d4522a86cbb3d2c875
    sha256: 73385a2f28ae88afe998990eccd02ffdb2a28593bef183ff9d1b84cc690ece28
  category: main
  optional: false
- name: pytorch-gpu
  version: 2.6.0
  manager: conda
  platform: win-64
  dependencies:
    pytorch: 2.6.0
  url: https://conda.anaconda.org/conda-forge/win-64/pytorch-gpu-2.6.0-cuda126_mkl_h94247af_300.conda
  hash:
    md5: a28261449661828596c874eedae37c0d
    sha256: 22907237639afc6108743c074d3594904b5a81342b314a350f0c9602d4529040
  category: main
  optional: false
- name: setuptools
  version: 75.8.0
  manager: conda
  platform: win-64
  dependencies:
    python: '>=3.9'
  url: https://conda.anaconda.org/conda-forge/noarch/setuptools-75.8.0-pyhff2d567_0.conda
  hash:
    md5: 8f28e299c11afdd79e0ec1e279dcdc52
    sha256: e0778e4f276e9a81b51c56f51ec22a27b4d8fc955abc0be77ad09ca9bea06bb9
  category: main
  optional: false
- name: sleef
  version: '3.8'
  manager: conda
  platform: win-64
  dependencies:
    ucrt: '>=10.0.20348.0'
    vc: '>=14.2,<15'
    vc14_runtime: '>=14.29.30139'
  url: https://conda.anaconda.org/conda-forge/win-64/sleef-3.8-h7e360cc_0.conda
  hash:
    md5: 3ed2f55668830f6f5bcff16875c18db0
    sha256: fc697f95797f5638baf68bb694cf461373fc36960a9d9d5260a20a21765b8148
  category: main
  optional: false
- name: sympy
  version: 1.13.3
  manager: conda
  platform: win-64
  dependencies:
    mpmath: '>=0.19'
    python: '>=3.9'
  url: https://conda.anaconda.org/conda-forge/noarch/sympy-1.13.3-pyh04b8f61_5.conda
  hash:
    md5: 1ae317a5e9a75da334ace7c8e6a4d9af
    sha256: 07fcf6ad8d700e530bada93404892df83f927b3513ebb4ba2b474c90c129058e
  category: main
  optional: false
- name: tbb
  version: 2021.13.0
  manager: conda
  platform: win-64
  dependencies:
    libhwloc: '>=2.11.2,<2.11.3.0a0'
    ucrt: '>=10.0.20348.0'
    vc: '>=14.2,<15'
    vc14_runtime: '>=14.29.30139'
  url: https://conda.anaconda.org/conda-forge/win-64/tbb-2021.13.0-h62715c5_1.conda
  hash:
    md5: 9190dd0a23d925f7602f9628b3aed511
    sha256: 03cc5442046485b03dd1120d0f49d35a7e522930a2ab82f275e938e17b07b302
  category: main
  optional: false
- name: tk
  version: 8.6.13
  manager: conda
  platform: win-64
  dependencies:
    ucrt: '>=10.0.20348.0'
    vc: '>=14.2,<15'
    vc14_runtime: '>=14.29.30139'
  url: https://conda.anaconda.org/conda-forge/win-64/tk-8.6.13-h5226925_1.conda
  hash:
    md5: fc048363eb8f03cd1737600a5d08aafe
    sha256: 2c4e914f521ccb2718946645108c9bd3fc3216ba69aea20c2c3cedbd8db32bb1
  category: main
  optional: false
- name: typing-extensions
  version: 4.12.2
  manager: conda
  platform: win-64
  dependencies:
    typing_extensions: 4.12.2
  url: https://conda.anaconda.org/conda-forge/noarch/typing-extensions-4.12.2-hd8ed1ab_1.conda
  hash:
    md5: b6a408c64b78ec7b779a3e5c7a902433
    sha256: c8e9c1c467b5f960b627d7adc1c65fece8e929a3de89967e91ef0f726422fd32
  category: main
  optional: false
- name: typing_extensions
  version: 4.12.2
  manager: conda
  platform: win-64
  dependencies:
    python: '>=3.9'
  url: https://conda.anaconda.org/conda-forge/noarch/typing_extensions-4.12.2-pyha770c72_1.conda
  hash:
    md5: d17f13df8b65464ca316cbc000a3cb64
    sha256: 337be7af5af8b2817f115b3b68870208b30c31d3439bec07bfb2d8f4823e3568
  category: main
  optional: false
- name: tzdata
  version: 2025a
  manager: conda
  platform: win-64
  dependencies: {}
  url: https://conda.anaconda.org/conda-forge/noarch/tzdata-2025a-h78e105d_0.conda
  hash:
    md5: dbcace4706afdfb7eb891f7b37d07c04
    sha256: c4b1ae8a2931fe9b274c44af29c5475a85b37693999f8c792dad0f8c6734b1de
  category: main
  optional: false
- name: ucrt
  version: 10.0.22621.0
  manager: conda
  platform: win-64
  dependencies: {}
  url: https://conda.anaconda.org/conda-forge/win-64/ucrt-10.0.22621.0-h57928b3_1.conda
  hash:
    md5: 6797b005cd0f439c4c5c9ac565783700
    sha256: db8dead3dd30fb1a032737554ce91e2819b43496a0db09927edf01c32b577450
  category: main
  optional: false
- name: vc
  version: '14.3'
  manager: conda
  platform: win-64
  dependencies:
    vc14_runtime: '>=14.40.33810'
  url: https://conda.anaconda.org/conda-forge/win-64/vc-14.3-h5fd82a7_24.conda
  hash:
    md5: 00cf3a61562bd53bd5ea99e6888793d0
    sha256: 7ce178cf139ccea5079f9c353b3d8415d1d49b0a2f774662c355d3f89163d7b4
  category: main
  optional: false
- name: vc14_runtime
  version: 14.42.34433
  manager: conda
  platform: win-64
  dependencies:
    ucrt: '>=10.0.20348.0'
  url: https://conda.anaconda.org/conda-forge/win-64/vc14_runtime-14.42.34433-h6356254_24.conda
  hash:
    md5: 2441e010ee255e6a38bf16705a756e94
    sha256: abda97b8728cf6e3c37df8f1178adde7219bed38b96e392cb3be66336386d32e
  category: main
  optional: false
- name: audioflux
  version: 0.1.9
  manager: pip
  platform: win-64
  dependencies:
    numpy: '*'
    scipy: '>=1.2.0'
    soundfile: '>=0.12.1'
    matplotlib: '*'
  url: https://files.pythonhosted.org/packages/be/a6/f54fdbaaa8c5600afd8a47e4185178c688e8af55f5c455aa8f777aab8c36/audioflux-0.1.9-py3-none-any.whl
  hash:
    sha256: c4b2d9d72dffb36a1d74e0894d3ea958c5195a7e05ebe779e972c97d593df3c2
  category: main
  optional: false
- name: audioread
  version: 3.0.1
  manager: pip
  platform: win-64
  dependencies: {}
  url: https://files.pythonhosted.org/packages/57/8d/30aa32745af16af0a9a650115fbe81bde7c610ed5c21b381fca0196f3a7f/audioread-3.0.1-py3-none-any.whl
  hash:
    sha256: 4cdce70b8adc0da0a3c9e0d85fb10b3ace30fbdf8d1670fd443929b61d117c33
  category: main
  optional: false
- name: certifi
  version: 2025.1.31
  manager: pip
  platform: win-64
  dependencies: {}
  url: https://files.pythonhosted.org/packages/38/fc/bce832fd4fd99766c04d1ee0eead6b0ec6486fb100ae5e74c1d91292b982/certifi-2025.1.31-py3-none-any.whl
  hash:
    sha256: ca78db4565a652026a4db2bcdf68f2fb589ea80d0be70e03929ed730746b84fe
  category: main
  optional: false
- name: cffi
  version: 1.17.1
  manager: pip
  platform: win-64
  dependencies:
    pycparser: '*'
  url: https://files.pythonhosted.org/packages/7c/fc/6a8cb64e5f0324877d503c854da15d76c1e50eb722e320b15345c4d0c6de/cffi-1.17.1-cp313-cp313-win_amd64.whl
  hash:
    sha256: f6a16c31041f09ead72d69f583767292f750d24913dadacf5756b966aacb3f1a
  category: main
  optional: false
- name: charset-normalizer
  version: 3.4.1
  manager: pip
  platform: win-64
  dependencies: {}
  url: https://files.pythonhosted.org/packages/27/f2/4f9a69cc7712b9b5ad8fdb87039fd89abba997ad5cbe690d1835d40405b0/charset_normalizer-3.4.1-cp313-cp313-win_amd64.whl
  hash:
    sha256: b1ac5992a838106edb89654e0aebfc24f5848ae2547d22c2c3f66454daa11971
  category: main
  optional: false
- name: colorama
  version: 0.4.6
  manager: pip
  platform: win-64
  dependencies: {}
  url: https://files.pythonhosted.org/packages/d1/d6/3965ed04c63042e047cb6a3e6ed1a63a35087b6a609aa3a15ed8ac56c221/colorama-0.4.6-py2.py3-none-any.whl
  hash:
    sha256: 4f1d9991f5acc0ca119f9d443620b77f9d6b33703e51011c16baf57afb285fc6
  category: main
  optional: false
- name: construct
  version: 2.10.70
  manager: pip
  platform: win-64
  dependencies: {}
  url: https://files.pythonhosted.org/packages/b2/fb/08b3f4bf05da99aba8ffea52a558758def16e8516bc75ca94ff73587e7d3/construct-2.10.70-py3-none-any.whl
  hash:
    sha256: c80be81ef595a1a821ec69dc16099550ed22197615f4320b57cc9ce2a672cb30
  category: main
  optional: false
- name: contourpy
  version: 1.3.1
  manager: pip
  platform: win-64
  dependencies:
    numpy: '>=1.23'
  url: https://files.pythonhosted.org/packages/e3/d5/28bca491f65312b438fbf076589dcde7f6f966b196d900777f5811b9c4e2/contourpy-1.3.1-cp313-cp313-win_amd64.whl
  hash:
    sha256: a7895f46d47671fa7ceec40f31fae721da51ad34bdca0bee83e38870b1f47ffd
  category: main
  optional: false
- name: cycler
  version: 0.12.1
  manager: pip
  platform: win-64
  dependencies: {}
  url: https://files.pythonhosted.org/packages/e7/05/c19819d5e3d95294a6f5947fb9b9629efb316b96de511b418c53d245aae6/cycler-0.12.1-py3-none-any.whl
  hash:
    sha256: 85cef7cff222d8644161529808465972e51340599459b8ac3ccbac5a854e0d30
  category: main
  optional: false
- name: decorator
  version: 5.1.1
  manager: pip
  platform: win-64
  dependencies: {}
  url: https://files.pythonhosted.org/packages/d5/50/83c593b07763e1161326b3b8c6686f0f4b0f24d5526546bee538c89837d6/decorator-5.1.1-py3-none-any.whl
  hash:
    sha256: b8c3f85900b9dc423225913c5aace94729fe1fa9763b38939a95226f02d37186
  category: main
  optional: false
- name: einops
  version: 0.8.1
  manager: pip
  platform: win-64
  dependencies: {}
  url: https://files.pythonhosted.org/packages/87/62/9773de14fe6c45c23649e98b83231fffd7b9892b6cf863251dc2afa73643/einops-0.8.1-py3-none-any.whl
  hash:
    sha256: 919387eb55330f5757c6bea9165c5ff5cfe63a642682ea788a6d472576d81737
  category: main
  optional: false
- name: fonttools
  version: 4.56.0
  manager: pip
  platform: win-64
  dependencies: {}
  url: https://files.pythonhosted.org/packages/27/6d/3edda54f98a550a0473f032d8050315fbc8f1b76a0d9f3879b72ebb2cdd6/fonttools-4.56.0-cp313-cp313-win_amd64.whl
  hash:
    sha256: 62cc1253827d1e500fde9dbe981219fea4eb000fd63402283472d38e7d8aa1c6
  category: main
  optional: false
- name: hyper-connections
  version: 0.1.15
  manager: pip
  platform: win-64
  dependencies:
    einops: '>=0.8.0'
    torch: '>=2.3'
  url: https://files.pythonhosted.org/packages/f4/c5/7f4008217d3c76b0c64817afa98219d619416ea79cc78cd99c9e971befec/hyper_connections-0.1.15-py3-none-any.whl
  hash:
    sha256: 9eda4e58b4d0f4eb3e3accf2737cbc9b73193b61c7cc604ddea8afec056c6ea7
  category: main
  optional: false
- name: idna
  version: '3.10'
  manager: pip
  platform: win-64
  dependencies: {}
  url: https://files.pythonhosted.org/packages/76/c6/c88e154df9c4e1a2a66ccf0005a88dfb2650c1dffb6f5ce603dfbd452ce3/idna-3.10-py3-none-any.whl
  hash:
    sha256: 946d195a0d259cbba61165e88e65941f16e9b36ea6ddb97f00452bae8b1287d3
  category: main
  optional: false
- name: joblib
  version: 1.4.2
  manager: pip
  platform: win-64
  dependencies: {}
  url: https://files.pythonhosted.org/packages/91/29/df4b9b42f2be0b623cbd5e2140cafcaa2bef0759a00b7b70104dcfe2fb51/joblib-1.4.2-py3-none-any.whl
  hash:
    sha256: 06d478d5674cbc267e7496a410ee875abd68e4340feff4490bcb7afb88060ae6
  category: main
  optional: false
- name: kiwisolver
  version: 1.4.8
  manager: pip
  platform: win-64
  dependencies: {}
  url: https://files.pythonhosted.org/packages/d0/dc/c1abe38c37c071d0fc71c9a474fd0b9ede05d42f5a458d584619cfd2371a/kiwisolver-1.4.8-cp313-cp313-win_amd64.whl
  hash:
    sha256: a17b7c4f5b2c51bb68ed379defd608a03954a1845dfed7cc0117f1cc8a9b7fd2
  category: main
  optional: false
- name: lazy-loader
  version: '0.4'
  manager: pip
  platform: win-64
  dependencies:
    packaging: '*'
  url: https://files.pythonhosted.org/packages/83/60/d497a310bde3f01cb805196ac61b7ad6dc5dcf8dce66634dc34364b20b4f/lazy_loader-0.4-py3-none-any.whl
  hash:
    sha256: 342aa8e14d543a154047afb4ba8ef17f5563baad3fc610d7b15b213b0f119efc
  category: main
  optional: false
- name: libf0
  version: 1.0.2
  manager: pip
  platform: win-64
  dependencies:
    librosa: '>=0.8.0,<1.0.0'
    numba: '>=0.51.0,<1.0.0'
    numpy: '>=1.17.0,<2.0.0'
    scipy: '>=1.3.0,<2.0.0'
  url: https://files.pythonhosted.org/packages/83/09/8ffc3cf235e9981615eeffddabc872ce601975eb522877bf9bad2065ca6c/libf0-1.0.2-py3-none-any.whl
  hash:
    sha256: 8b2f4fc234eb6f1af5061b01613fcf477976604b865a236a4ac98e966bfd4587
  category: main
  optional: false
- name: librosa
  version: 0.10.2.post1
  manager: pip
  platform: win-64
  dependencies:
    audioread: '>=2.1.9'
    numpy: '>=1.20.3,<1.22.0 || >1.22.0,<1.22.1 || >1.22.1,<1.22.2 || >1.22.2'
    scipy: '>=1.2.0'
    scikit-learn: '>=0.20.0'
    joblib: '>=0.14'
    decorator: '>=4.3.0'
    numba: '>=0.51.0'
    soundfile: '>=0.12.1'
    pooch: '>=1.1'
    soxr: '>=0.3.2'
    typing-extensions: '>=4.1.1'
    lazy-loader: '>=0.1'
    msgpack: '>=1.0'
  url: https://files.pythonhosted.org/packages/8c/8a/2d231b35456506b7c98b3ab9bbf07917b205fed8615d2e59e976ab497fff/librosa-0.10.2.post1-py3-none-any.whl
  hash:
    sha256: dc882750e8b577a63039f25661b7e39ec4cfbacc99c1cffba666cd664fb0a7a0
  category: main
  optional: false
- name: llvmlite
  version: 0.44.0
  manager: pip
  platform: win-64
  dependencies: {}
  url: https://files.pythonhosted.org/packages/d0/81/e66fc86539293282fd9cb7c9417438e897f369e79ffb62e1ae5e5154d4dd/llvmlite-0.44.0-cp313-cp313-win_amd64.whl
  hash:
    sha256: 2fb7c4f2fb86cbae6dca3db9ab203eeea0e22d73b99bc2341cdf9de93612e930
  category: main
  optional: false
- name: local-attention
  version: 1.11.1
  manager: pip
  platform: win-64
  dependencies:
    einops: '>=0.8.0'
    hyper-connections: '>=0.1.8'
    torch: '*'
  url: https://files.pythonhosted.org/packages/0b/21/8e21a6341c3f9f3957b657031c6ddc1b2de4ea67062d92dfac22947a19ea/local_attention-1.11.1-py3-none-any.whl
  hash:
    sha256: 8aaa0055ef195d49b82eb41b126de2e3aeb79f726831c53691ad159fb04adbc6
  category: main
  optional: false
- name: matplotlib
  version: 3.10.0
  manager: pip
  platform: win-64
  dependencies:
    contourpy: '>=1.0.1'
    cycler: '>=0.10'
    fonttools: '>=4.22.0'
    kiwisolver: '>=1.3.1'
    numpy: '>=1.23'
    packaging: '>=20.0'
    pillow: '>=8'
    pyparsing: '>=2.3.1'
    python-dateutil: '>=2.7'
  url: https://files.pythonhosted.org/packages/fa/d6/54cee7142cef7d910a324a7aedf335c0c147b03658b54d49ec48166f10a6/matplotlib-3.10.0-cp313-cp313-win_amd64.whl
  hash:
    sha256: c55b20591ced744aa04e8c3e4b7543ea4d650b6c3c4b208c08a05b4010e8b442
  category: main
  optional: false
- name: mido
  version: 1.3.3
  manager: pip
  platform: win-64
  dependencies:
    packaging: '*'
  url: https://files.pythonhosted.org/packages/fd/28/45deb15c11859d2f10702b32e71de9328a9fa494f989626916db39a9617f/mido-1.3.3-py3-none-any.whl
  hash:
    sha256: 01033c9b10b049e4436fca2762194ca839b09a4334091dd3c34e7f4ae674fd8a
  category: main
  optional: false
- name: msgpack
  version: 1.1.0
  manager: pip
  platform: win-64
  dependencies: {}
  url: https://files.pythonhosted.org/packages/b6/bc/8bd826dd03e022153bfa1766dcdec4976d6c818865ed54223d71f07862b3/msgpack-1.1.0-cp313-cp313-win_amd64.whl
  hash:
    sha256: bce7d9e614a04d0883af0b3d4d501171fbfca038f12c77fa838d9f198147a23f
  category: main
  optional: false
- name: numba
  version: 0.61.0
  manager: pip
  platform: win-64
  dependencies:
    llvmlite: '>=0.44.0dev0,<0.45'
    numpy: '>=1.24,<2.2'
  url: https://files.pythonhosted.org/packages/61/08/71247ce560d2c222d9ca705c7d3547fc4069b96fc85d71aabeb890befe9f/numba-0.61.0-cp313-cp313-win_amd64.whl
  hash:
    sha256: 074cd38c5b1f9c65a4319d1f3928165f48975ef0537ad43385b2bd908e6e2e35
  category: main
  optional: false
- name: numpy
  version: 1.26.4
  manager: pip
  platform: win-64
  dependencies: {}
  url: https://files.pythonhosted.org/packages/65/6e/09db70a523a96d25e115e71cc56a6f9031e7b8cd166c1ac8438307c14058/numpy-1.26.4.tar.gz
  hash:
    sha256: 2a02aba9ed12e4ac4eb3ea9421c420301a0c6460d9830d74a9df87efa4912010
  category: main
  optional: false
- name: packaging
  version: '24.2'
  manager: pip
  platform: win-64
  dependencies: {}
  url: https://files.pythonhosted.org/packages/88/ef/eb23f262cca3c0c4eb7ab1933c3b1f03d021f2c48f54763065b6f0e321be/packaging-24.2-py3-none-any.whl
  hash:
    sha256: 09abb1bccd265c01f4a3aa3f7a7db064b36514d2cba19a2f694fe6150451a759
  category: main
  optional: false
- name: pillow
  version: 11.1.0
  manager: pip
  platform: win-64
  dependencies: {}
  url: https://files.pythonhosted.org/packages/3b/ad/285c556747d34c399f332ba7c1a595ba245796ef3e22eae190f5364bb62b/pillow-11.1.0-cp313-cp313-win_amd64.whl
  hash:
    sha256: 593c5fd6be85da83656b93ffcccc2312d2d149d251e98588b14fbc288fd8909c
  category: main
  optional: false
- name: platformdirs
  version: 4.3.6
  manager: pip
  platform: win-64
  dependencies: {}
  url: https://files.pythonhosted.org/packages/3c/a6/bc1012356d8ece4d66dd75c4b9fc6c1f6650ddd5991e421177d9f8f671be/platformdirs-4.3.6-py3-none-any.whl
  hash:
    sha256: 73e575e1408ab8103900836b97580d5307456908a03e92031bab39e4554cc3fb
  category: main
  optional: false
- name: pooch
  version: 1.8.2
  manager: pip
  platform: win-64
  dependencies:
    platformdirs: '>=2.5.0'
    packaging: '>=20.0'
    requests: '>=2.19.0'
  url: https://files.pythonhosted.org/packages/a8/87/77cc11c7a9ea9fd05503def69e3d18605852cd0d4b0d3b8f15bbeb3ef1d1/pooch-1.8.2-py3-none-any.whl
  hash:
    sha256: 3529a57096f7198778a5ceefd5ac3ef0e4d06a6ddaf9fc2d609b806f25302c47
  category: main
  optional: false
- name: praat-parselmouth
  version: 0.4.5
  manager: pip
  platform: win-64
  dependencies:
    numpy: '>=1.7.0'
  url: https://files.pythonhosted.org/packages/7c/2d/429d9179d3f87cf6780c9dd3b3255546b80c71403cc5a1c2260c3a3b0bb2/praat_parselmouth-0.4.5-cp313-cp313-win_amd64.whl
  hash:
    sha256: f6e2d3026c44d96cb87f3b74e99a03878fd6344e957c1a749c82ba5db1f81445
  category: main
  optional: false
- name: pretty-midi
  version: 0.2.10
  manager: pip
  platform: win-64
  dependencies:
    numpy: '>=1.7.0'
    mido: '>=1.1.16'
    six: '*'
  url: https://files.pythonhosted.org/packages/c2/81/f3e47efdf65eab347d1b78e8279222f6e3122d722cc9d68d443503a3c0e7/pretty_midi-0.2.10.tar.gz
  hash:
    sha256: ea6e192f94044674e833336ea1f415318ddf28e320302ac7b109edff0d4534bd
  category: main
  optional: false
- name: pycparser
  version: '2.22'
  manager: pip
  platform: win-64
  dependencies: {}
  url: https://files.pythonhosted.org/packages/13/a3/a812df4e2dd5696d1f351d58b8fe16a405b234ad2886a0dab9183fb78109/pycparser-2.22-py3-none-any.whl
  hash:
    sha256: c3702b6d3dd8c7abc1afa565d7e63d53a1d0bd86cdc24edd75470f4de499cfcc
  category: main
  optional: false
- name: pyparsing
  version: 3.2.1
  manager: pip
  platform: win-64
  dependencies: {}
  url: https://files.pythonhosted.org/packages/1c/a7/c8a2d361bf89c0d9577c934ebb7421b25dc84bf3a8e3ac0a40aed9acc547/pyparsing-3.2.1-py3-none-any.whl
  hash:
    sha256: 506ff4f4386c4cec0590ec19e6302d3aedb992fdc02c761e90416f158dacf8e1
  category: main
  optional: false
- name: python-dateutil
  version: 2.9.0.post0
  manager: pip
  platform: win-64
  dependencies:
    six: '>=1.5'
  url: https://files.pythonhosted.org/packages/ec/57/56b9bcc3c9c6a792fcbaf139543cee77261f3651ca9da0c93f5c1221264b/python_dateutil-2.9.0.post0-py2.py3-none-any.whl
  hash:
    sha256: a8b2bc7bffae282281c8140a97d3aa9c14da0b136dfe83f850eea9a5f7470427
  category: main
  optional: false
- name: pyworld
  version: 0.3.5
  manager: pip
  platform: win-64
  dependencies:
    numpy: '*'
  url: https://files.pythonhosted.org/packages/6f/5c/7e8fb5417ef96cbeca125b5ee507ec5568ce4bde7b576d20db2d2d4a80fc/pyworld-0.3.5-cp313-cp313-win_amd64.whl
  hash:
    sha256: 860c5c3528f1dbc5c68fa71a16e3bb6990244619e5b9baf62952f3a6bfc6131c
  category: main
  optional: false
- name: requests
  version: 2.32.3
  manager: pip
  platform: win-64
  dependencies:
    charset-normalizer: '>=2,<4'
    idna: '>=2.5,<4'
    urllib3: '>=1.21.1,<3'
    certifi: '>=2017.4.17'
  url: https://files.pythonhosted.org/packages/f9/9b/335f9764261e915ed497fcdeb11df5dfd6f7bf257d4a6a2a686d80da4d54/requests-2.32.3-py3-none-any.whl
  hash:
    sha256: 70761cfe03c773ceb22aa2f671b4757976145175cdfca038c02654d061d6dcc6
  category: main
  optional: false
- name: resampy
  version: 0.4.3
  manager: pip
  platform: win-64
  dependencies:
    numpy: '>=1.17'
    numba: '>=0.53'
  url: https://files.pythonhosted.org/packages/4d/b9/3b00ac340a1aab3389ebcc52c779914a44aadf7b0cb7a3bf053195735607/resampy-0.4.3-py3-none-any.whl
  hash:
    sha256: ad2ed64516b140a122d96704e32bc0f92b23f45419e8b8f478e5a05f83edcebd
  category: main
  optional: false
- name: scikit-learn
  version: 1.6.1
  manager: pip
  platform: win-64
  dependencies:
    numpy: '>=1.19.5'
    scipy: '>=1.6.0'
    joblib: '>=1.2.0'
    threadpoolctl: '>=3.1.0'
  url: https://files.pythonhosted.org/packages/34/b0/ca92b90859070a1487827dbc672f998da95ce83edce1270fc23f96f1f61a/scikit_learn-1.6.1-cp313-cp313-win_amd64.whl
  hash:
    sha256: 7a1c43c8ec9fde528d664d947dc4c0789be4077a3647f232869f41d9bf50e0fb
  category: main
  optional: false
- name: scipy
  version: 1.15.1
  manager: pip
  platform: win-64
  dependencies:
    numpy: '>=1.23.5,<2.5'
  url: https://files.pythonhosted.org/packages/48/7d/5b5251984bf0160d6533695a74a5fddb1fa36edd6f26ffa8c871fbd4782a/scipy-1.15.1-cp313-cp313-win_amd64.whl
  hash:
    sha256: c352c1b6d7cac452534517e022f8f7b8d139cd9f27e6fbd9f3cbd0bfd39f5bef
  category: main
  optional: false
- name: six
  version: 1.17.0
  manager: pip
  platform: win-64
  dependencies: {}
  url: https://files.pythonhosted.org/packages/b7/ce/149a00dd41f10bc29e5921b496af8b574d8413afcd5e30dfa0ed46c2cc5e/six-1.17.0-py2.py3-none-any.whl
  hash:
    sha256: 4721f391ed90541fddacab5acf947aa0d3dc7d27b2e1e8eda2be8970586c3274
  category: main
  optional: false
- name: soundfile
  version: 0.13.1
  manager: pip
  platform: win-64
  dependencies:
    cffi: '>=1.0'
    numpy: '*'
  url: https://files.pythonhosted.org/packages/14/e9/6b761de83277f2f02ded7e7ea6f07828ec78e4b229b80e4ca55dd205b9dc/soundfile-0.13.1-py2.py3-none-win_amd64.whl
  hash:
    sha256: 1e70a05a0626524a69e9f0f4dd2ec174b4e9567f4d8b6c11d38b5c289be36ee9
  category: main
  optional: false
- name: soxr
  version: 0.5.0.post1
  manager: pip
  platform: win-64
  dependencies:
    numpy: '*'
  url: https://files.pythonhosted.org/packages/bc/10/440f1ba3d4955e0dc740bbe4ce8968c254a3d644d013eb75eea729becdb8/soxr-0.5.0.post1-cp312-abi3-win_amd64.whl
  hash:
    sha256: b1be9fee90afb38546bdbd7bde714d1d9a8c5a45137f97478a83b65e7f3146f6
  category: main
  optional: false
- name: sympy
  version: 1.13.1
  manager: pip
  platform: win-64
  dependencies:
    mpmath: '>=1.1.0,<1.4'
  url: https://files.pythonhosted.org/packages/b2/fe/81695a1aa331a842b582453b605175f419fe8540355886031328089d840a/sympy-1.13.1-py3-none-any.whl
  hash:
    sha256: db36cdc64bf61b9b24578b6f7bab1ecdd2452cf008f34faa33776680c26d66f8
  category: main
  optional: false
- name: tgt
  version: '1.5'
  manager: pip
  platform: win-64
  dependencies: {}
  url: https://files.pythonhosted.org/packages/e1/b2/98c733f6ef24e1f29b23f0f536e5e2fbcadc56493c9a36be7ff7a8181638/tgt-1.5-py3-none-any.whl
  hash:
    sha256: df4566f0f9b1765691dcc984a78963496bca961a27ac7f10050be2db277df5e8
  category: main
  optional: false
- name: threadpoolctl
  version: 3.5.0
  manager: pip
  platform: win-64
  dependencies: {}
  url: https://files.pythonhosted.org/packages/4b/2c/ffbf7a134b9ab11a67b0cf0726453cedd9c5043a4fe7a35d1cefa9a1bcfb/threadpoolctl-3.5.0-py3-none-any.whl
  hash:
    sha256: 56c1e26c150397e58c4926da8eeee87533b1e32bef131bd4bf6a2f45f3185467
  category: main
  optional: false
- name: torchaudio
  version: 2.6.0
  manager: pip
  platform: win-64
  dependencies:
    torch: 2.6.0
  url: https://files.pythonhosted.org/packages/55/c8/3010878a5e7f15d89450e22769697173c6dc244a0647ddc5386c28b6dacc/torchaudio-2.6.0-cp313-cp313-win_amd64.whl
  hash:
    sha256: 393fa74ec40d167f0170728ea21c9b5e0f830648fd02df7db2bf7e62f64245ec
  category: main
  optional: false
- name: torchcrepe
  version: 0.0.23
  manager: pip
  platform: win-64
  dependencies:
    librosa: '>=0.9.1'
    resampy: '*'
    scipy: '*'
    torch: '*'
    torchaudio: '*'
    tqdm: '*'
  url: https://files.pythonhosted.org/packages/79/24/c1876271d361d4474faa59137eaa7784c779adddaf3c12ba755a1b3489c2/torchcrepe-0.0.23-py3-none-any.whl
  hash:
    sha256: 6e104465b89e763ba7fd0d1b228162783ed4b5a6c5735772baca286c20d7ae2c
  category: main
  optional: false
- name: torchfcpe
  version: 0.0.4
  manager: pip
  platform: win-64
  dependencies:
    einops: '*'
    local-attention: '*'
    torch: '*'
    torchaudio: '*'
    numpy: '*'
  url: https://files.pythonhosted.org/packages/15/98/66da447498a2835b01cb3ae851e1333035a9fbf228e5c6f3e3c4351c06b6/torchfcpe-0.0.4-py3-none-any.whl
  hash:
    sha256: f042c463d850d76c6f4899a0b84f0b694bb560adf05f4de951097a756d17472d
  category: main
  optional: false
- name: tqdm
  version: 4.67.1
  manager: pip
  platform: win-64
  dependencies:
    colorama: '*'
  url: https://files.pythonhosted.org/packages/d0/30/dc54f88dd4a2b5dc8a0279bdd7270e735851848b762aeb1c1184ed1f6b14/tqdm-4.67.1-py3-none-any.whl
  hash:
    sha256: 26445eca388f82e72884e0d580d5464cd801a3ea01e63e5601bdff9ba6a48de2
  category: main
  optional: false
- name: urllib3
  version: 2.3.0
  manager: pip
  platform: win-64
  dependencies: {}
  url: https://files.pythonhosted.org/packages/c8/19/4ec628951a74043532ca2cf5d97b7b14863931476d117c471e8e2b1eb39f/urllib3-2.3.0-py3-none-any.whl
  hash:
    sha256: 1cee9ad369867bfdbbb48b7dd50374c0967a0bb7710050facf0dd6911440e3df
  category: main
  optional: false
