[cu117]
[[cu117.package]]
name = "torch"
version = "1.13.1+cu117"
requires_python = ">=3.7.0"
summary = "Tensors and Dynamic neural networks in Python with strong GPU acceleration"
dependencies = [
    "typing-extensions",
]

[[cu117.package]]
name = "typing-extensions"
version = "4.5.0"
requires_python = ">=3.7"
summary = "Backported and Experimental Type Hints for Python 3.7+"

[cu117.metadata.files]
"torch 1.13.1+cu117" = [
    {url = "https://download.pytorch.org/whl/cu117/torch-1.13.1%2Bcu117-cp310-cp310-linux_x86_64.whl", hash = "sha256:14c5c9db09df8cf1b3942a3479c779da6e293a84a162d8a6ac71e2bde30e30c5"},
    {url = "https://download.pytorch.org/whl/cu117/torch-1.13.1%2Bcu117-cp310-cp310-win_amd64.whl", hash = "sha256:978239684c6ec455ad2157ff33d44fdb9dd8d3a93b9d2f4ac7aa57691e990136"},
    {url = "https://download.pytorch.org/whl/cu117/torch-1.13.1%2Bcu117-cp311-cp311-linux_x86_64.whl", hash = "sha256:d151d82462f125e35995ef6701213a499ffbe0994ce66bdad4349049a51a015e"},
    {url = "https://download.pytorch.org/whl/cu117/torch-1.13.1%2Bcu117-cp37-cp37m-linux_x86_64.whl", hash = "sha256:6d783a1f79871724cada3c374ca509886359a8c4ac78d053df89b142ee904440"},
    {url = "https://download.pytorch.org/whl/cu117/torch-1.13.1%2Bcu117-cp37-cp37m-win_amd64.whl", hash = "sha256:0efea7f09642fe382042bfb5fd7b6b83d47b56d4760278e660a4a74c728f1cb9"},
    {url = "https://download.pytorch.org/whl/cu117/torch-1.13.1%2Bcu117-cp38-cp38-linux_x86_64.whl", hash = "sha256:bbf9546f0d0d8b51263ca479637b426a88335fca0034f42cec63d4d32dee05af"},
    {url = "https://download.pytorch.org/whl/cu117/torch-1.13.1%2Bcu117-cp38-cp38-win_amd64.whl", hash = "sha256:99a6a9449adbe6c35c71f4ecb5d8f57a12fff06cda232dfa386ac1aacb8753f4"},
    {url = "https://download.pytorch.org/whl/cu117/torch-1.13.1%2Bcu117-cp39-cp39-linux_x86_64.whl", hash = "sha256:b3ac139e0d4a0b303cc16f51eb77146ec7d14c0b1e702ad638613628f5086af7"},
    {url = "https://download.pytorch.org/whl/cu117/torch-1.13.1%2Bcu117-cp39-cp39-win_amd64.whl", hash = "sha256:e775fa85f412bd1bf816b8798dadb3b852b71e33e8008e9db29b6190ed94fe27"},
]
"typing-extensions 4.5.0" = [
    {url = "https://mirrors.bfsu.edu.cn/pypi/web/packages/31/25/5abcd82372d3d4a3932e1fa8c3dbf9efac10cc7c0d16e78467460571b404/typing_extensions-4.5.0-py3-none-any.whl", hash = "sha256:fb33085c39dd998ac16d1431ebc293a8b3eedd00fd4a32de0ff79002c19511b4"},
    {url = "https://mirrors.bfsu.edu.cn/pypi/web/packages/d3/20/06270dac7316220643c32ae61694e451c98f8caf4c8eab3aa80a2bedf0df/typing_extensions-4.5.0.tar.gz", hash = "sha256:5cb5f4a79139d699607b3ef622a1dedafa84e115ab0024e0d9c044a9479ca7cb"},
]

[cpu]
[[cpu.package]]
name = "torch"
version = "1.13.1+cpu"
requires_python = ">=3.7.0"
summary = "Tensors and Dynamic neural networks in Python with strong GPU acceleration"
dependencies = [
    "typing-extensions",
]

[[cpu.package]]
name = "typing-extensions"
version = "4.5.0"
requires_python = ">=3.7"
summary = "Backported and Experimental Type Hints for Python 3.7+"

[cpu.metadata.files]
"torch 1.13.1+cpu" = [
    {url = "https://download.pytorch.org/whl/cpu/torch-1.13.1%2Bcpu-cp310-cp310-linux_x86_64.whl", hash = "sha256:11692523b87c45b79ddfb5148b12a713d85235d399915490d94e079521f7e014"},
    {url = "https://download.pytorch.org/whl/cpu/torch-1.13.1%2Bcpu-cp310-cp310-win_amd64.whl", hash = "sha256:207ab3700cd9c4349f4fd1892597eb3d385eb78221c0f2974ec54b8ea903aa00"},
    {url = "https://download.pytorch.org/whl/cpu/torch-1.13.1%2Bcpu-cp311-cp311-linux_x86_64.whl", hash = "sha256:dc185f2fdbb1f84855929d3ba7b36c74f218789d26a0e0268cb0586d466c8c24"},
    {url = "https://download.pytorch.org/whl/cpu/torch-1.13.1%2Bcpu-cp37-cp37m-linux_x86_64.whl", hash = "sha256:2dd7e5f584c7ea5d8f038fd1fa40465785f797df0c7d06c432f5e72d9817115a"},
    {url = "https://download.pytorch.org/whl/cpu/torch-1.13.1%2Bcpu-cp37-cp37m-win_amd64.whl", hash = "sha256:02e387834a3489396f1871f83f7a795610d09ef3da01aa431493b08eac5c6666"},
    {url = "https://download.pytorch.org/whl/cpu/torch-1.13.1%2Bcpu-cp38-cp38-linux_x86_64.whl", hash = "sha256:4a8b84834eb12b3428c24e9f264c9bd6a2cf449fffc191374e7dbb2b950fc6d7"},
    {url = "https://download.pytorch.org/whl/cpu/torch-1.13.1%2Bcpu-cp38-cp38-win_amd64.whl", hash = "sha256:43394e66487543c112044194e9bdecc6f48c869d692a9d0c755b95d642b29535"},
    {url = "https://download.pytorch.org/whl/cpu/torch-1.13.1%2Bcpu-cp39-cp39-linux_x86_64.whl", hash = "sha256:71636a5c21927236f4974d2355fb3f66a0b707c28219b0135ff65ed0f0e61287"},
    {url = "https://download.pytorch.org/whl/cpu/torch-1.13.1%2Bcpu-cp39-cp39-win_amd64.whl", hash = "sha256:988ee77c0975b4c3f570dfc62277b1e300bbbe7cc000ce2720e2e8c730fb9ce5"},
    {url = "https://download.pytorch.org/whl/cpu/torch-1.13.1-cp310-none-macosx_10_9_x86_64.whl", hash = "sha256:393a6273c832e047581063fb74335ff50b4c566217019cc6ace318cd79eb0566"},
    {url = "https://download.pytorch.org/whl/cpu/torch-1.13.1-cp310-none-macosx_11_0_arm64.whl", hash = "sha256:0122806b111b949d21fa1a5f9764d1fd2fcc4a47cb7f8ff914204fd4fc752ed5"},
    {url = "https://download.pytorch.org/whl/cpu/torch-1.13.1-cp37-none-macosx_10_9_x86_64.whl", hash = "sha256:0d9b8061048cfb78e675b9d2ea8503bfe30db43d583599ae8626b1263a0c1380"},
    {url = "https://download.pytorch.org/whl/cpu/torch-1.13.1-cp37-none-macosx_11_0_arm64.whl", hash = "sha256:f402ca80b66e9fbd661ed4287d7553f7f3899d9ab54bf5c67faada1555abde28"},
    {url = "https://download.pytorch.org/whl/cpu/torch-1.13.1-cp38-none-macosx_10_9_x86_64.whl", hash = "sha256:33e67eea526e0bbb9151263e65417a9ef2d8fa53cbe628e87310060c9dcfa312"},
    {url = "https://download.pytorch.org/whl/cpu/torch-1.13.1-cp38-none-macosx_11_0_arm64.whl", hash = "sha256:eeeb204d30fd40af6a2d80879b46a7efbe3cf43cdbeb8838dd4f3d126cc90b2b"},
    {url = "https://download.pytorch.org/whl/cpu/torch-1.13.1-cp39-none-macosx_10_9_x86_64.whl", hash = "sha256:6930791efa8757cb6974af73d4996b6b50c592882a324b8fb0589c6a9ba2ddaf"},
    {url = "https://download.pytorch.org/whl/cpu/torch-1.13.1-cp39-none-macosx_11_0_arm64.whl", hash = "sha256:e0df902a7c7dd6c795698532ee5970ce898672625635d885eade9976e5a04949"},
    {url = "https://download.pytorch.org/whl/torch-1.13.1-cp310-cp310-manylinux2014_aarch64.whl", hash = "sha256:d9fe785d375f2e26a5d5eba5de91f89e6a3be5d11efb497e76705fdf93fa3c2e"},
    {url = "https://download.pytorch.org/whl/torch-1.13.1-cp37-cp37m-manylinux2014_aarch64.whl", hash = "sha256:ea8dda84d796094eb8709df0fcd6b56dc20b58fdd6bc4e8d7109930dafc8e419"},
    {url = "https://download.pytorch.org/whl/torch-1.13.1-cp38-cp38-manylinux2014_aarch64.whl", hash = "sha256:df8434b0695e9ceb8cc70650afc1310d8ba949e6db2a0525ddd9c3b2b181e5fe"},
    {url = "https://download.pytorch.org/whl/torch-1.13.1-cp39-cp39-manylinux2014_aarch64.whl", hash = "sha256:2c3581a3fd81eb1f0f22997cddffea569fea53bafa372b2c0471db373b26aafc"},
    {url = "https://mirrors.bfsu.edu.cn/pypi/web/packages/00/86/77a9eddbf46f1bca2468d16a401911f58917f95b63402d6a7a4522521e5d/torch-1.13.1-cp37-cp37m-manylinux1_x86_64.whl", hash = "sha256:76024be052b659ac1304ab8475ab03ea0a12124c3e7626282c9c86798ac7bc11"},
    {url = "https://mirrors.bfsu.edu.cn/pypi/web/packages/13/60/6129b3b0ce696e45774ab9b4b4f1a1bf5d74a2b9b2e81c88fb4620e6cad3/torch-1.13.1-cp38-none-macosx_10_9_x86_64.whl", hash = "sha256:33e67eea526e0bbb9151263e65417a9ef2d8fa53cbe628e87310060c9dcfa312"},
    {url = "https://mirrors.bfsu.edu.cn/pypi/web/packages/19/ae/79b619e5f3abc7c3343c19d99678830369e9d87fe5ed44973e08e5b5bcaa/torch-1.13.1-cp37-cp37m-manylinux2014_aarch64.whl", hash = "sha256:ea8dda84d796094eb8709df0fcd6b56dc20b58fdd6bc4e8d7109930dafc8e419"},
    {url = "https://mirrors.bfsu.edu.cn/pypi/web/packages/24/45/61e41ef8a84e1d6200ff10b7cb87e23e211599ab62420396a363295f973c/torch-1.13.1-cp310-none-macosx_11_0_arm64.whl", hash = "sha256:0122806b111b949d21fa1a5f9764d1fd2fcc4a47cb7f8ff914204fd4fc752ed5"},
    {url = "https://mirrors.bfsu.edu.cn/pypi/web/packages/24/dd/22d7048ba641ed3699fc2dc04eb3384db1f09b0202b64c9f9fede0243e7d/torch-1.13.1-cp37-none-macosx_11_0_arm64.whl", hash = "sha256:f402ca80b66e9fbd661ed4287d7553f7f3899d9ab54bf5c67faada1555abde28"},
    {url = "https://mirrors.bfsu.edu.cn/pypi/web/packages/25/09/184125ce54b2d7e665f3b674a1ac5d96b442f00dd11804490e926231e36b/torch-1.13.1-cp39-cp39-manylinux1_x86_64.whl", hash = "sha256:50ff5e76d70074f6653d191fe4f6a42fdbe0cf942fbe2a3af0b75eaa414ac038"},
    {url = "https://mirrors.bfsu.edu.cn/pypi/web/packages/2c/45/43233d36e8e7ec5588fa802bb098337ae73c314863190c68797287f2fbdd/torch-1.13.1-cp310-cp310-manylinux2014_aarch64.whl", hash = "sha256:d9fe785d375f2e26a5d5eba5de91f89e6a3be5d11efb497e76705fdf93fa3c2e"},
    {url = "https://mirrors.bfsu.edu.cn/pypi/web/packages/2d/ab/8210e877debc6e16c5f64345b08abfd667ade733329ef8b38dd06a362513/torch-1.13.1-cp39-none-macosx_11_0_arm64.whl", hash = "sha256:e0df902a7c7dd6c795698532ee5970ce898672625635d885eade9976e5a04949"},
    {url = "https://mirrors.bfsu.edu.cn/pypi/web/packages/33/bd/e174e6737daba03f8eaa7c051b9971d361022eb37b86cbe5db0b08cab00e/torch-1.13.1-cp310-cp310-win_amd64.whl", hash = "sha256:98124598cdff4c287dbf50f53fb455f0c1e3a88022b39648102957f3445e9b76"},
    {url = "https://mirrors.bfsu.edu.cn/pypi/web/packages/56/13/841d298885ca6b48923d502528d51af00a56f93179c152d31ae88d3054cd/torch-1.13.1-cp39-cp39-win_amd64.whl", hash = "sha256:0aa46f0ac95050c604bcf9ef71da9f1172e5037fdf2ebe051962d47b123848e7"},
    {url = "https://mirrors.bfsu.edu.cn/pypi/web/packages/5d/91/1adb7b73c7dad9fb64ed26bc9d8c060afb9541fca68d71a9c1b48377f332/torch-1.13.1-cp38-none-macosx_11_0_arm64.whl", hash = "sha256:eeeb204d30fd40af6a2d80879b46a7efbe3cf43cdbeb8838dd4f3d126cc90b2b"},
    {url = "https://mirrors.bfsu.edu.cn/pypi/web/packages/6b/0e/c640bda79e61766896fe16dfe0a3ab12b06ad50cf8814950518896dec0a5/torch-1.13.1-cp38-cp38-manylinux1_x86_64.whl", hash = "sha256:727dbf00e2cf858052364c0e2a496684b9cb5aa01dc8a8bc8bbb7c54502bdcdd"},
    {url = "https://mirrors.bfsu.edu.cn/pypi/web/packages/81/58/431fd405855553af1a98091848cf97741302416b01462bbf9909d3c422b3/torch-1.13.1-cp310-cp310-manylinux1_x86_64.whl", hash = "sha256:fd12043868a34a8da7d490bf6db66991108b00ffbeecb034228bfcbbd4197143"},
    {url = "https://mirrors.bfsu.edu.cn/pypi/web/packages/82/d8/0547f8a22a0c8aeb7e7e5e321892f1dcf93ea021829a99f1a25f1f535871/torch-1.13.1-cp310-none-macosx_10_9_x86_64.whl", hash = "sha256:393a6273c832e047581063fb74335ff50b4c566217019cc6ace318cd79eb0566"},
    {url = "https://mirrors.bfsu.edu.cn/pypi/web/packages/86/08/41315a205bcd103a9698fa8afafbb73a234db8791cdb8b96d1efb10243a7/torch-1.13.1-cp39-cp39-manylinux2014_aarch64.whl", hash = "sha256:2c3581a3fd81eb1f0f22997cddffea569fea53bafa372b2c0471db373b26aafc"},
    {url = "https://mirrors.bfsu.edu.cn/pypi/web/packages/a6/41/122f37c99422566ea74b9cce90eb9218f5e8fb2582466da220f95842a0a0/torch-1.13.1-cp38-cp38-win_amd64.whl", hash = "sha256:5e1e722a41f52a3f26f0c4fcec227e02c6c42f7c094f32e49d4beef7d1e213ea"},
    {url = "https://mirrors.bfsu.edu.cn/pypi/web/packages/b1/85/62b8da9d984ae95f6fdda707df4af6552a5cea46fde2b944223daf236524/torch-1.13.1-cp37-cp37m-win_amd64.whl", hash = "sha256:2ee7b81e9c457252bddd7d3da66fb1f619a5d12c24d7074de91c4ddafb832c93"},
    {url = "https://mirrors.bfsu.edu.cn/pypi/web/packages/b9/18/d97cdc571b4cb90c0d3613cffb19a55ef1e48e74e0c5a6c293e97234b7d3/torch-1.13.1-cp37-none-macosx_10_9_x86_64.whl", hash = "sha256:0d9b8061048cfb78e675b9d2ea8503bfe30db43d583599ae8626b1263a0c1380"},
    {url = "https://mirrors.bfsu.edu.cn/pypi/web/packages/bf/47/d52be83b0ce72e83a6691177f27b110b7efefaae4f228f45e404c521e51d/torch-1.13.1-cp311-cp311-manylinux1_x86_64.whl", hash = "sha256:22128502fd8f5b25ac1cd849ecb64a418382ae81dd4ce2b5cebaa09ab15b0d9b"},
    {url = "https://mirrors.bfsu.edu.cn/pypi/web/packages/ce/52/14eaa44345e444be2e2da749a7fdbdec71c45294cff33023de12ac3a9115/torch-1.13.1-cp39-none-macosx_10_9_x86_64.whl", hash = "sha256:6930791efa8757cb6974af73d4996b6b50c592882a324b8fb0589c6a9ba2ddaf"},
    {url = "https://mirrors.bfsu.edu.cn/pypi/web/packages/f4/e5/003ac2b5b95cfea3a0a87150ede879daad446d581fdf967a8d7b2d4b6e05/torch-1.13.1-cp38-cp38-manylinux2014_aarch64.whl", hash = "sha256:df8434b0695e9ceb8cc70650afc1310d8ba949e6db2a0525ddd9c3b2b181e5fe"},
]
"typing-extensions 4.5.0" = [
    {url = "https://mirrors.bfsu.edu.cn/pypi/web/packages/31/25/5abcd82372d3d4a3932e1fa8c3dbf9efac10cc7c0d16e78467460571b404/typing_extensions-4.5.0-py3-none-any.whl", hash = "sha256:fb33085c39dd998ac16d1431ebc293a8b3eedd00fd4a32de0ff79002c19511b4"},
    {url = "https://mirrors.bfsu.edu.cn/pypi/web/packages/d3/20/06270dac7316220643c32ae61694e451c98f8caf4c8eab3aa80a2bedf0df/typing_extensions-4.5.0.tar.gz", hash = "sha256:5cb5f4a79139d699607b3ef622a1dedafa84e115ab0024e0d9c044a9479ca7cb"},
]

[metadata]
lock_version = "4.2"
cross_platform = true
groups = ["default", "dev", "plot"]
content_hash = "sha256:3bae7caf4590831e8256db0d73ce95441317735b907d683009cfd7aed0ed5f93"

