name: relock

on:
  push:
    branches:
      - main

jobs:
  test:
    runs-on: ubuntu-latest
    name: test
    steps:
      - name: checkout
        uses: actions/checkout@v4

      - name: Get changed files
        id: changed-files
        uses: tj-actions/changed-files@v45
        with:
          files_yaml: |
            pyproject:
              - "pyproject.toml"

      - name: Set up micromamba
        if: steps.changed-files.outputs.pyproject_any_changed == 'true'
        uses: mamba-org/setup-micromamba@v2
        with:
          environment-file: build-environment.yml
          init-shell: >-
            bash
          cache-environment: true
          post-cleanup: 'all'

      - name: Update conda-lock
        shell: bash -el {0}
        run: |
          conda-lock -f pyproject.toml --virtual-package-spec virtual-packages.yml

      - name: Commit changes
        uses: stefanzweifel/git-auto-commit-action@v5
        with:
          commit_message: update conda-lock